
Microsoft Visual Studio Solution File, Format Version 12.00
# Visual Studio Version 16
VisualStudioVersion = 16.0.30804.86
MinimumVisualStudioVersion = 10.0.40219.1
Project("{FAE04EC0-301F-11D3-BF4B-00C04F79EFBC}") = "ManagementSystem", "ManagementSystem\ManagementSystem.csproj", "{EDF2FFA3-B7E4-4ED5-ACCA-C5EF77CE9BC4}"
EndProject
Project("{FAE04EC0-301F-11D3-BF4B-00C04F79EFBC}") = "ManagementStystem.Tests", "ManagementStystem.Tests\ManagementStystem.Tests.csproj", "{FDDB316C-0306-4494-AA54-BDE756710DF1}"
EndProject
Global
	GlobalSection(SolutionConfigurationPlatforms) = preSolution
		Debug|Any CPU = Debug|Any CPU
		Release|Any CPU = Release|Any CPU
	EndGlobalSection
	GlobalSection(ProjectConfigurationPlatforms) = postSolution
		{EDF2FFA3-B7E4-4ED5-ACCA-C5EF77CE9BC4}.Debug|Any CPU.ActiveCfg = Debug|Any CPU
		{EDF2FFA3-B7E4-4ED5-ACCA-C5EF77CE9BC4}.Debug|Any CPU.Build.0 = Debug|Any CPU
		{EDF2FFA3-B7E4-4ED5-ACCA-C5EF77CE9BC4}.Release|Any CPU.ActiveCfg = Release|Any CPU
		{EDF2FFA3-B7E4-4ED5-ACCA-C5EF77CE9BC4}.Release|Any CPU.Build.0 = Release|Any CPU
		{FDDB316C-0306-4494-AA54-BDE756710DF1}.Debug|Any CPU.ActiveCfg = Debug|Any CPU
		{FDDB316C-0306-4494-AA54-BDE756710DF1}.Debug|Any CPU.Build.0 = Debug|Any CPU
		{FDDB316C-0306-4494-AA54-BDE756710DF1}.Release|Any CPU.ActiveCfg = Release|Any CPU
		{FDDB316C-0306-4494-AA54-BDE756710DF1}.Release|Any CPU.Build.0 = Release|Any CPU
	EndGlobalSection
	GlobalSection(SolutionProperties) = preSolution
		HideSolutionNode = FALSE
	EndGlobalSection
	GlobalSection(ExtensibilityGlobals) = postSolution
		SolutionGuid = {3CB101F9-88CB-4F84-AE3A-D5BCACF6670C}
	EndGlobalSection
EndGlobal
